
Microsoft Visual Studio Solution File, Format Version 12.00
# Visual Studio Version 17
VisualStudioVersion = 17.10.35004.147
MinimumVisualStudioVersion = 10.0.40219.1
Project("{FAE04EC0-301F-11D3-BF4B-00C04F79EFBC}") = "Program", "Program\Program.csproj", "{78E5371C-9D6F-48DF-9E6E-C5984E869D77}"
EndProject
Global
	GlobalSection(SolutionConfigurationPlatforms) = preSolution
		Debug|Any CPU = Debug|Any CPU
		Release|Any CPU = Release|Any CPU
	EndGlobalSection
	GlobalSection(ProjectConfigurationPlatforms) = postSolution
		{78E5371C-9D6F-48DF-9E6E-C5984E869D77}.Debug|Any CPU.ActiveCfg = Debug|Any CPU
		{78E5371C-9D6F-48DF-9E6E-C5984E869D77}.Debug|Any CPU.Build.0 = Debug|Any CPU
		{78E5371C-9D6F-48DF-9E6E-C5984E869D77}.Release|Any CPU.ActiveCfg = Release|Any CPU
		{78E5371C-9D6F-48DF-9E6E-C5984E869D77}.Release|Any CPU.Build.0 = Release|Any CPU
	EndGlobalSection
	GlobalSection(SolutionProperties) = preSolution
		HideSolutionNode = FALSE
	EndGlobalSection
	GlobalSection(ExtensibilityGlobals) = postSolution
		SolutionGuid = {02BE7343-2725-4BE1-96B3-3AE741A7FA6F}
	EndGlobalSection
EndGlobal
